PODS:
  - AFNetworking (2.2.0):
    - AFNetworking/NSURLConnection
    - AFNetworking/NSURLSession
    - AFNetworking/Reachability
    - AFNetworking/Security
    - AFNetworking/Serialization
    - AFNetworking/UIKit
  - AFNetworking/NSURLConnection (2.2.0):
    - AFNetworking/Reachability
    - AFNetworking/Security
    - AFNetworking/Serialization
  - AFNetworking/NSURLSession (2.2.0):
    - AFNetworking/NSURLConnection
  - AFNetworking/Reachability (2.2.0)
  - AFNetworking/Security (2.2.0)
  - AFNetworking/Serialization (2.2.0)
  - AFNetworking/UIKit (2.2.0):
    - AFNetworking/NSURLConnection
    - AFNetworking/NSURLSession
  - AZSocketIO (0.0.5):
    - AFNetworking (~> 2.2.0)
    - SocketRocket (~> 0.x)
  - dyci (0.1.5.20140124):
    - dyci/Core
    - dyci/Helpers
    - dyci/Injections
    - dyci/UIKit Support
  - dyci/Core (0.1.5.20140124)
  - dyci/Helpers (0.1.5.20140124)
  - dyci/Injections (0.1.5.20140124)
  - dyci/UIKit Support (0.1.5.20140124)
  - MBProgressHUD (0.8)
  - SocketRocket (0.3.1-beta2)

DEPENDENCIES:
  - AZSocketIO (from `AZSocketIO.podspec`)
  - dyci (from `https://github.com/DyCI/dyci-main.git`)
  - MBProgressHUD (~> 0.8)

EXTERNAL SOURCES:
  AZSocketIO:
    :podspec: AZSocketIO.podspec
  dyci:
    :git: https://github.com/DyCI/dyci-main.git

SPEC CHECKSUMS:
  AFNetworking: e8cfd8f3fe3bfe19124a0cc63f4d45752d892a56
  AZSocketIO: 3bf4e37680007303368e59b5b36ed6a5fe8f1e8e
  dyci: a547f35263983aad987afa301ba0a10d2d160c51
  MBProgressHUD: 2bbc6f470111daf7f3eaa4eb12b8cbf01c4c0622
  SocketRocket: 7ac946bcce46287a791dfff3c1f8daa692821dae

COCOAPODS: 0.29.0
